{
  "version": 4,
  "terraform_version": "1.7.5",
  "serial": 18,
  "lineage": "87c34c10-5187-ce76-c87e-0919cd8a4ee6",
  "outputs": {
    "acr_login_server": {
      "value": "casehubacr1604.azurecr.io",
      "type": "string"
    },
    "app_service_url": {
      "value": "casehub-api-a3d6che7ghaka6c7.centralindia-01.azurewebsites.net",
      "type": "string"
    },
    "sql_server_fqdn": {
      "value": "casehub-server-1604.database.windows.net",
      "type": "string"
    },
    "storage_account_name": {
      "value": "casehubstorage1604",
      "type": "string"
    }
  },
  "resources": [
    {
      "mode": "managed",
      "type": "azurerm_container_registry",
      "name": "casehub",
      "provider": "provider[\"registry.terraform.io/hashicorp/azurerm\"]",
      "instances": [
        {
          "schema_version": 2,
          "attributes": {
            "admin_enabled": true,
            "admin_password": "FUGymfKXBnYitX1mHLrmztrBio5C4loM0LhAgSibpEdnPG5ibyZyJQQJ99CDACGhslBEqg7NAAACAZCRiXtR",
            "admin_username": "casehubacr1604",
            "anonymous_pull_enabled": false,
            "data_endpoint_enabled": false,
            "encryption": [
              {
                "enabled": false,
                "identity_client_id": "",
                "key_vault_key_id": ""
              }
            ],
            "export_policy_enabled": true,
            "georeplications": [],
            "id": "/subscriptions/45c3901a-39fd-41c7-b0d3-8a3ae9f1e970/resourceGroups/casehub-rg/providers/Microsoft.ContainerRegistry/registries/casehubacr1604",
            "identity": [],
            "location": "centralindia",
            "login_server": "casehubacr1604.azurecr.io",
            "name": "casehubacr1604",
            "network_rule_bypass_option": "AzureServices",
            "network_rule_set": [],
            "public_network_access_enabled": true,
            "quarantine_policy_enabled": false,
            "resource_group_name": "casehub-rg",
            "retention_policy": [
              {
                "days": 7,
                "enabled": false
              }
            ],
            "sku": "Basic",
            "tags": {},
            "timeouts": null,
            "trust_policy": [
              {
                "enabled": false
              }
            ],
            "zone_redundancy_enabled": false
          },
          "sensitive_attributes": [],
          "private": "eyJlMmJmYjczMC1lY2FhLTExZTYtOGY4OC0zNDM2M2JjN2M0YzAiOnsiY3JlYXRlIjoxODAwMDAwMDAwMDAwLCJkZWxldGUiOjE4MDAwMDAwMDAwMDAsInJlYWQiOjMwMDAwMDAwMDAwMCwidXBkYXRlIjoxODAwMDAwMDAwMDAwfSwic2NoZW1hX3ZlcnNpb24iOiIyIn0=",
          "dependencies": [
            "azurerm_resource_group.casehub"
          ]
        }
      ]
    },
    {
      "mode": "managed",
      "type": "azurerm_linux_web_app",
      "name": "casehub",
      "provider": "provider[\"registry.terraform.io/hashicorp/azurerm\"]",
      "instances": [
        {
          "schema_version": 1,
          "attributes": {
            "app_settings": {
              "JWT_SECRET": "casehub_super_secret_jwt_key_2025",
              "SQL_DATABASE": "casehub",
              "SQL_PASSWORD": "Casehub@2025",
              "SQL_SERVER": "casehub-server-1604.database.windows.net",
              "SQL_USER": "casehubadmin"
            },
            "auth_settings": [],
            "auth_settings_v2": [],
            "backup": [],
            "client_affinity_enabled": false,
            "client_certificate_enabled": false,
            "client_certificate_exclusion_paths": "",
            "client_certificate_mode": "Required",
            "connection_string": [],
            "custom_domain_verification_id": "033B526B97E155D6EDED0A0D7544573B0813970E2D6BB58A8A1417CF191FF16C",
            "default_hostname": "casehub-api-a3d6che7ghaka6c7.centralindia-01.azurewebsites.net",
            "enabled": true,
            "ftp_publish_basic_authentication_enabled": true,
            "hosting_environment_id": "",
            "https_only": false,
            "id": "/subscriptions/45c3901a-39fd-41c7-b0d3-8a3ae9f1e970/resourceGroups/casehub-rg/providers/Microsoft.Web/sites/casehub-api",
            "identity": [],
            "key_vault_reference_identity_id": "SystemAssigned",
            "kind": "app,linux",
            "location": "centralindia",
            "logs": [],
            "name": "casehub-api",
            "outbound_ip_address_list": [
              "135.235.227.132",
              "135.235.179.140",
              "135.235.179.146",
              "40.81.249.203",
              "135.235.240.125",
              "40.81.253.148",
              "98.70.219.245",
              "98.70.229.56",
              "135.235.228.235",
              "135.235.236.63",
              "135.235.178.114",
              "20.235.212.53",
              "20.192.170.128"
            ],
            "outbound_ip_addresses": "135.235.227.132,135.235.179.140,135.235.179.146,40.81.249.203,135.235.240.125,40.81.253.148,98.70.219.245,98.70.229.56,135.235.228.235,135.235.236.63,135.235.178.114,20.235.212.53,20.192.170.128",
            "possible_outbound_ip_address_list": [
              "135.235.227.132",
              "135.235.179.140",
              "135.235.179.146",
              "40.81.249.203",
              "135.235.240.125",
              "40.81.253.148",
              "98.70.219.245",
              "98.70.229.56",
              "135.235.228.235",
              "135.235.236.63",
              "135.235.178.114",
              "20.235.212.53",
              "135.235.251.208",
              "98.70.228.193",
              "135.235.251.223",
              "135.235.236.71",
              "98.70.220.134",
              "135.235.230.125",
              "135.235.178.153",
              "4.213.198.186",
              "98.70.219.118",
              "52.140.82.46",
              "4.213.199.65",
              "135.235.251.132",
              "4.224.160.180",
              "135.235.232.78",
              "20.235.214.157",
              "135.235.242.240",
              "135.235.227.234",
              "98.70.225.213",
              "20.192.170.128"
            ],
            "possible_outbound_ip_addresses": "135.235.227.132,135.235.179.140,135.235.179.146,40.81.249.203,135.235.240.125,40.81.253.148,98.70.219.245,98.70.229.56,135.235.228.235,135.235.236.63,135.235.178.114,20.235.212.53,135.235.251.208,98.70.228.193,135.235.251.223,135.235.236.71,98.70.220.134,135.235.230.125,135.235.178.153,4.213.198.186,98.70.219.118,52.140.82.46,4.213.199.65,135.235.251.132,4.224.160.180,135.235.232.78,20.235.214.157,135.235.242.240,135.235.227.234,98.70.225.213,20.192.170.128",
            "public_network_access_enabled": true,
            "resource_group_name": "casehub-rg",
            "service_plan_id": "/subscriptions/45c3901a-39fd-41c7-b0d3-8a3ae9f1e970/resourceGroups/casehub-rg/providers/Microsoft.Web/serverFarms/casehub-plan",
            "site_config": [
              {
                "always_on": true,
                "api_definition_url": "",
                "api_management_api_id": "",
                "app_command_line": "",
                "application_stack": [
                  {
                    "docker_image": "",
                    "docker_image_name": "",
                    "docker_image_tag": "",
                    "docker_registry_password": "",
                    "docker_registry_url": "",
                    "docker_registry_username": "",
                    "dotnet_version": "",
                    "go_version": "",
                    "java_server": "",
                    "java_server_version": "",
                    "java_version": "",
                    "node_version": "20-lts",
                    "php_version": "",
                    "python_version": "",
                    "ruby_version": ""
                  }
                ],
                "auto_heal_enabled": false,
                "auto_heal_setting": [],
                "container_registry_managed_identity_client_id": "",
                "container_registry_use_managed_identity": false,
                "cors": [],
                "default_documents": [
                  "Default.htm",
                  "Default.html",
                  "Default.asp",
                  "index.htm",
                  "index.html",
                  "iisstart.htm",
                  "default.aspx",
                  "index.php",
                  "hostingstart.html"
                ],
                "detailed_error_logging_enabled": false,
                "ftps_state": "Disabled",
                "health_check_eviction_time_in_min": 0,
                "health_check_path": "",
                "http2_enabled": false,
                "ip_restriction": [],
                "ip_restriction_default_action": "Allow",
                "linux_fx_version": "NODE|20-lts",
                "load_balancing_mode": "LeastRequests",
                "local_mysql_enabled": false,
                "managed_pipeline_mode": "Integrated",
                "minimum_tls_version": "1.2",
                "remote_debugging_enabled": false,
                "remote_debugging_version": "VS2022",
                "scm_ip_restriction": [],
                "scm_ip_restriction_default_action": "Allow",
                "scm_minimum_tls_version": "1.2",
                "scm_type": "GitHubAction",
                "scm_use_main_ip_restriction": false,
                "use_32_bit_worker": true,
                "vnet_route_all_enabled": false,
                "websockets_enabled": false,
                "worker_count": 1
              }
            ],
            "site_credential": [
              {
                "name": "$casehub-api",
                "password": "2BN9vmyPw3mfzZ2uZYXLdtfrcsf6PPc4fjCDKtmegxgPAnyZo6WjDyJsbZR1"
              }
            ],
            "sticky_settings": [],
            "storage_account": [],
            "tags": {},
            "timeouts": null,
            "virtual_network_subnet_id": "",
            "webdeploy_publish_basic_authentication_enabled": true,
            "zip_deploy_file": ""
          },
          "sensitive_attributes": [
            [
              {
                "type": "get_attr",
                "value": "app_settings"
              },
              {
                "type": "index",
                "value": {
                  "value": "SQL_PASSWORD",
                  "type": "string"
                }
              }
            ]
          ],
          "private": "eyJlMmJmYjczMC1lY2FhLTExZTYtOGY4OC0zNDM2M2JjN2M0YzAiOnsiY3JlYXRlIjoxODAwMDAwMDAwMDAwLCJkZWxldGUiOjE4MDAwMDAwMDAwMDAsInJlYWQiOjMwMDAwMDAwMDAwMCwidXBkYXRlIjoxODAwMDAwMDAwMDAwfSwic2NoZW1hX3ZlcnNpb24iOiIxIn0=",
          "dependencies": [
            "azurerm_resource_group.casehub",
            "azurerm_service_plan.casehub"
          ]
        }
      ]
    },
    {
      "mode": "managed",
      "type": "azurerm_mssql_database",
      "name": "casehub",
      "provider": "provider[\"registry.terraform.io/hashicorp/azurerm\"]",
      "instances": [
        {
          "schema_version": 1,
          "attributes": {
            "auto_pause_delay_in_minutes": 0,
            "collation": "SQL_Latin1_General_CP1_CI_AS",
            "create_mode": "Default",
            "creation_source_database_id": null,
            "elastic_pool_id": "",
            "enclave_type": "",
            "geo_backup_enabled": true,
            "id": "/subscriptions/45c3901a-39fd-41c7-b0d3-8a3ae9f1e970/resourceGroups/casehub-rg/providers/Microsoft.Sql/servers/casehub-server-1604/databases/casehub",
            "identity": [],
            "import": [],
            "ledger_enabled": false,
            "license_type": "",
            "long_term_retention_policy": [
              {
                "immutable_backups_enabled": false,
                "monthly_retention": "PT0S",
                "week_of_year": 1,
                "weekly_retention": "PT0S",
                "yearly_retention": "PT0S"
              }
            ],
            "maintenance_configuration_name": "SQL_Default",
            "max_size_gb": 250,
            "min_capacity": 0,
            "name": "casehub",
            "read_replica_count": 0,
            "read_scale": false,
            "recover_database_id": null,
            "recovery_point_id": null,
            "restore_dropped_database_id": null,
            "restore_long_term_retention_backup_id": null,
            "restore_point_in_time": null,
            "sample_name": null,
            "secondary_type": "",
            "server_id": "/subscriptions/45c3901a-39fd-41c7-b0d3-8a3ae9f1e970/resourceGroups/casehub-rg/providers/Microsoft.Sql/servers/casehub-server-1604",
            "short_term_retention_policy": [
              {
                "backup_interval_in_hours": 12,
                "retention_days": 7
              }
            ],
            "sku_name": "S1",
            "storage_account_type": "Geo",
            "tags": {},
            "threat_detection_policy": [
              {
                "disabled_alerts": [],
                "email_account_admins": "Disabled",
                "email_addresses": [],
                "retention_days": 0,
                "state": "Disabled",
                "storage_account_access_key": "",
                "storage_endpoint": ""
              }
            ],
            "timeouts": null,
            "transparent_data_encryption_enabled": true,
            "transparent_data_encryption_key_automatic_rotation_enabled": false,
            "transparent_data_encryption_key_vault_key_id": "",
            "zone_redundant": false
          },
          "sensitive_attributes": [],
          "private": "eyJlMmJmYjczMC1lY2FhLTExZTYtOGY4OC0zNDM2M2JjN2M0YzAiOnsiY3JlYXRlIjozNjAwMDAwMDAwMDAwLCJkZWxldGUiOjM2MDAwMDAwMDAwMDAsInJlYWQiOjMwMDAwMDAwMDAwMCwidXBkYXRlIjozNjAwMDAwMDAwMDAwfSwic2NoZW1hX3ZlcnNpb24iOiIxIn0=",
          "dependencies": [
            "azurerm_mssql_server.casehub",
            "azurerm_resource_group.casehub"
          ]
        }
      ]
    },
    {
      "mode": "managed",
      "type": "azurerm_mssql_server",
      "name": "casehub",
      "provider": "provider[\"registry.terraform.io/hashicorp/azurerm\"]",
      "instances": [
        {
          "schema_version": 0,
          "attributes": {
            "administrator_login": "casehubadmin",
            "administrator_login_password": "Casehub@2025",
            "azuread_administrator": [],
            "connection_policy": "Default",
            "fully_qualified_domain_name": "casehub-server-1604.database.windows.net",
            "id": "/subscriptions/45c3901a-39fd-41c7-b0d3-8a3ae9f1e970/resourceGroups/casehub-rg/providers/Microsoft.Sql/servers/casehub-server-1604",
            "identity": [],
            "location": "centralindia",
            "minimum_tls_version": "1.2",
            "name": "casehub-server-1604",
            "outbound_network_restriction_enabled": false,
            "primary_user_assigned_identity_id": "",
            "public_network_access_enabled": true,
            "resource_group_name": "casehub-rg",
            "restorable_dropped_database_ids": [],
            "tags": {},
            "timeouts": null,
            "transparent_data_encryption_key_vault_key_id": "",
            "version": "12.0"
          },
          "sensitive_attributes": [
            [
              {
                "type": "get_attr",
                "value": "administrator_login_password"
              }
            ]
          ],
          "private": "eyJlMmJmYjczMC1lY2FhLTExZTYtOGY4OC0zNDM2M2JjN2M0YzAiOnsiY3JlYXRlIjozNjAwMDAwMDAwMDAwLCJkZWxldGUiOjM2MDAwMDAwMDAwMDAsInJlYWQiOjMwMDAwMDAwMDAwMCwidXBkYXRlIjozNjAwMDAwMDAwMDAwfX0=",
          "dependencies": [
            "azurerm_resource_group.casehub"
          ]
        }
      ]
    },
    {
      "mode": "managed",
      "type": "azurerm_resource_group",
      "name": "casehub",
      "provider": "provider[\"registry.terraform.io/hashicorp/azurerm\"]",
      "instances": [
        {
          "schema_version": 0,
          "attributes": {
            "id": "/subscriptions/45c3901a-39fd-41c7-b0d3-8a3ae9f1e970/resourceGroups/casehub-rg",
            "location": "centralindia",
            "managed_by": "",
            "name": "casehub-rg",
            "tags": {},
            "timeouts": null
          },
          "sensitive_attributes": [],
          "private": "eyJlMmJmYjczMC1lY2FhLTExZTYtOGY4OC0zNDM2M2JjN2M0YzAiOnsiY3JlYXRlIjo1NDAwMDAwMDAwMDAwLCJkZWxldGUiOjU0MDAwMDAwMDAwMDAsInJlYWQiOjMwMDAwMDAwMDAwMCwidXBkYXRlIjo1NDAwMDAwMDAwMDAwfSwic2NoZW1hX3ZlcnNpb24iOiIwIn0="
        }
      ]
    },
    {
      "mode": "managed",
      "type": "azurerm_service_plan",
      "name": "casehub",
      "provider": "provider[\"registry.terraform.io/hashicorp/azurerm\"]",
      "instances": [
        {
          "schema_version": 1,
          "attributes": {
            "app_service_environment_id": "",
            "id": "/subscriptions/45c3901a-39fd-41c7-b0d3-8a3ae9f1e970/resourceGroups/casehub-rg/providers/Microsoft.Web/serverFarms/casehub-plan",
            "kind": "linux",
            "location": "centralindia",
            "maximum_elastic_worker_count": 1,
            "name": "casehub-plan",
            "os_type": "Linux",
            "per_site_scaling_enabled": false,
            "reserved": true,
            "resource_group_name": "casehub-rg",
            "sku_name": "B2",
            "tags": {},
            "timeouts": null,
            "worker_count": 1,
            "zone_balancing_enabled": false
          },
          "sensitive_attributes": [],
          "private": "eyJlMmJmYjczMC1lY2FhLTExZTYtOGY4OC0zNDM2M2JjN2M0YzAiOnsiY3JlYXRlIjozNjAwMDAwMDAwMDAwLCJkZWxldGUiOjM2MDAwMDAwMDAwMDAsInJlYWQiOjMwMDAwMDAwMDAwMCwidXBkYXRlIjozNjAwMDAwMDAwMDAwfSwic2NoZW1hX3ZlcnNpb24iOiIxIn0=",
          "dependencies": [
            "azurerm_resource_group.casehub"
          ]
        }
      ]
    },
    {
      "mode": "managed",
      "type": "azurerm_storage_account",
      "name": "casehub",
      "provider": "provider[\"registry.terraform.io/hashicorp/azurerm\"]",
      "instances": [
        {
          "schema_version": 4,
          "attributes": {
            "access_tier": "Hot",
            "account_kind": "StorageV2",
            "account_replication_type": "LRS",
            "account_tier": "Standard",
            "allow_nested_items_to_be_public": true,
            "allowed_copy_scope": "",
            "azure_files_authentication": [],
            "blob_properties": [
              {
                "change_feed_enabled": false,
                "change_feed_retention_in_days": 0,
                "container_delete_retention_policy": [
                  {
                    "days": 7
                  }
                ],
                "cors_rule": [],
                "default_service_version": "",
                "delete_retention_policy": [
                  {
                    "days": 7,
                    "permanent_delete_enabled": false
                  }
                ],
                "last_access_time_enabled": false,
                "restore_policy": [],
                "versioning_enabled": false
              }
            ],
            "cross_tenant_replication_enabled": true,
            "custom_domain": [],
            "customer_managed_key": [],
            "default_to_oauth_authentication": false,
            "dns_endpoint_type": "Standard",
            "edge_zone": "",
            "enable_https_traffic_only": true,
            "https_traffic_only_enabled": true,
            "id": "/subscriptions/45c3901a-39fd-41c7-b0d3-8a3ae9f1e970/resourceGroups/casehub-rg/providers/Microsoft.Storage/storageAccounts/casehubstorage1604",
            "identity": [],
            "immutability_policy": [],
            "infrastructure_encryption_enabled": false,
            "is_hns_enabled": false,
            "large_file_share_enabled": false,
            "local_user_enabled": true,
            "location": "centralindia",
            "min_tls_version": "TLS1_2",
            "name": "casehubstorage1604",
            "network_rules": [],
            "nfsv3_enabled": false,
            "primary_access_key": "PiLliLmEs33byNBBOs6GNwOxlO3a87dtO74zDn5oc9aZ3MxniB2YNhLop/9ywpXfQQqQTulVEEEv+ASt12xYCA==",
            "primary_blob_connection_string": "DefaultEndpointsProtocol=https;BlobEndpoint=https://casehubstorage1604.blob.core.windows.net/;AccountName=casehubstorage1604;AccountKey=PiLliLmEs33byNBBOs6GNwOxlO3a87dtO74zDn5oc9aZ3MxniB2YNhLop/9ywpXfQQqQTulVEEEv+ASt12xYCA==",
            "primary_blob_endpoint": "https://casehubstorage1604.blob.core.windows.net/",
            "primary_blob_host": "casehubstorage1604.blob.core.windows.net",
            "primary_blob_internet_endpoint": "",
            "primary_blob_internet_host": "",
            "primary_blob_microsoft_endpoint": "",
            "primary_blob_microsoft_host": "",
            "primary_connection_string": "DefaultEndpointsProtocol=https;AccountName=casehubstorage1604;AccountKey=PiLliLmEs33byNBBOs6GNwOxlO3a87dtO74zDn5oc9aZ3MxniB2YNhLop/9ywpXfQQqQTulVEEEv+ASt12xYCA==;EndpointSuffix=core.windows.net",
            "primary_dfs_endpoint": "https://casehubstorage1604.dfs.core.windows.net/",
            "primary_dfs_host": "casehubstorage1604.dfs.core.windows.net",
            "primary_dfs_internet_endpoint": "",
            "primary_dfs_internet_host": "",
            "primary_dfs_microsoft_endpoint": "",
            "primary_dfs_microsoft_host": "",
            "primary_file_endpoint": "https://casehubstorage1604.file.core.windows.net/",
            "primary_file_host": "casehubstorage1604.file.core.windows.net",
            "primary_file_internet_endpoint": "",
            "primary_file_internet_host": "",
            "primary_file_microsoft_endpoint": "",
            "primary_file_microsoft_host": "",
            "primary_location": "centralindia",
            "primary_queue_endpoint": "https://casehubstorage1604.queue.core.windows.net/",
            "primary_queue_host": "casehubstorage1604.queue.core.windows.net",
            "primary_queue_microsoft_endpoint": "",
            "primary_queue_microsoft_host": "",
            "primary_table_endpoint": "https://casehubstorage1604.table.core.windows.net/",
            "primary_table_host": "casehubstorage1604.table.core.windows.net",
            "primary_table_microsoft_endpoint": "",
            "primary_table_microsoft_host": "",
            "primary_web_endpoint": "https://casehubstorage1604.z29.web.core.windows.net/",
            "primary_web_host": "casehubstorage1604.z29.web.core.windows.net",
            "primary_web_internet_endpoint": "",
            "primary_web_internet_host": "",
            "primary_web_microsoft_endpoint": "",
            "primary_web_microsoft_host": "",
            "public_network_access_enabled": true,
            "queue_encryption_key_type": "Service",
            "queue_properties": [
              {
                "cors_rule": [],
                "hour_metrics": [
                  {
                    "enabled": false,
                    "include_apis": false,
                    "retention_policy_days": 0,
                    "version": "1.0"
                  }
                ],
                "logging": [
                  {
                    "delete": false,
                    "read": false,
                    "retention_policy_days": 0,
                    "version": "1.0",
                    "write": false
                  }
                ],
                "minute_metrics": [
                  {
                    "enabled": false,
                    "include_apis": false,
                    "retention_policy_days": 0,
                    "version": "1.0"
                  }
                ]
              }
            ],
            "resource_group_name": "casehub-rg",
            "routing": [],
            "sas_policy": [],
            "secondary_access_key": "a9cK+7SscYXz7rVMy93HB7TctrlDLzlEuNDPxkTlbxydg0WEWOoBfJ2dQKBCQUEALMZv3HEkuMET+ASti1lC4Q==",
            "secondary_blob_connection_string": "",
            "secondary_blob_endpoint": "",
            "secondary_blob_host": "",
            "secondary_blob_internet_endpoint": "",
            "secondary_blob_internet_host": "",
            "secondary_blob_microsoft_endpoint": "",
            "secondary_blob_microsoft_host": "",
            "secondary_connection_string": "DefaultEndpointsProtocol=https;AccountName=casehubstorage1604;AccountKey=a9cK+7SscYXz7rVMy93HB7TctrlDLzlEuNDPxkTlbxydg0WEWOoBfJ2dQKBCQUEALMZv3HEkuMET+ASti1lC4Q==;EndpointSuffix=core.windows.net",
            "secondary_dfs_endpoint": "",
            "secondary_dfs_host": "",
            "secondary_dfs_internet_endpoint": "",
            "secondary_dfs_internet_host": "",
            "secondary_dfs_microsoft_endpoint": "",
            "secondary_dfs_microsoft_host": "",
            "secondary_file_endpoint": "",
            "secondary_file_host": "",
            "secondary_file_internet_endpoint": "",
            "secondary_file_internet_host": "",
            "secondary_file_microsoft_endpoint": "",
            "secondary_file_microsoft_host": "",
            "secondary_location": "",
            "secondary_queue_endpoint": "",
            "secondary_queue_host": "",
            "secondary_queue_microsoft_endpoint": "",
            "secondary_queue_microsoft_host": "",
            "secondary_table_endpoint": "",
            "secondary_table_host": "",
            "secondary_table_microsoft_endpoint": "",
            "secondary_table_microsoft_host": "",
            "secondary_web_endpoint": "",
            "secondary_web_host": "",
            "secondary_web_internet_endpoint": "",
            "secondary_web_internet_host": "",
            "secondary_web_microsoft_endpoint": "",
            "secondary_web_microsoft_host": "",
            "sftp_enabled": false,
            "share_properties": [
              {
                "cors_rule": [],
                "retention_policy": [
                  {
                    "days": 7
                  }
                ],
                "smb": []
              }
            ],
            "shared_access_key_enabled": true,
            "static_website": [],
            "table_encryption_key_type": "Service",
            "tags": {},
            "timeouts": null
          },
          "sensitive_attributes": [],
          "private": "eyJlMmJmYjczMC1lY2FhLTExZTYtOGY4OC0zNDM2M2JjN2M0YzAiOnsiY3JlYXRlIjozNjAwMDAwMDAwMDAwLCJkZWxldGUiOjM2MDAwMDAwMDAwMDAsInJlYWQiOjMwMDAwMDAwMDAwMCwidXBkYXRlIjozNjAwMDAwMDAwMDAwfSwic2NoZW1hX3ZlcnNpb24iOiI0In0=",
          "dependencies": [
            "azurerm_resource_group.casehub"
          ]
        }
      ]
    },
    {
      "mode": "managed",
      "type": "azurerm_storage_container",
      "name": "documents",
      "provider": "provider[\"registry.terraform.io/hashicorp/azurerm\"]",
      "instances": [
        {
          "schema_version": 1,
          "attributes": {
            "container_access_type": "private",
            "default_encryption_scope": "$account-encryption-key",
            "encryption_scope_override_enabled": true,
            "has_immutability_policy": false,
            "has_legal_hold": false,
            "id": "https://casehubstorage1604.blob.core.windows.net/case-documents",
            "metadata": {},
            "name": "case-documents",
            "resource_manager_id": "/subscriptions/45c3901a-39fd-41c7-b0d3-8a3ae9f1e970/resourceGroups/casehub-rg/providers/Microsoft.Storage/storageAccounts/casehubstorage1604/blobServices/default/containers/case-documents",
            "storage_account_name": "casehubstorage1604",
            "timeouts": null
          },
          "sensitive_attributes": [],
          "private": "eyJlMmJmYjczMC1lY2FhLTExZTYtOGY4OC0zNDM2M2JjN2M0YzAiOnsiY3JlYXRlIjoxODAwMDAwMDAwMDAwLCJkZWxldGUiOjE4MDAwMDAwMDAwMDAsInJlYWQiOjMwMDAwMDAwMDAwMCwidXBkYXRlIjoxODAwMDAwMDAwMDAwfSwic2NoZW1hX3ZlcnNpb24iOiIxIn0=",
          "dependencies": [
            "azurerm_resource_group.casehub",
            "azurerm_storage_account.casehub"
          ]
        }
      ]
    }
  ],
  "check_results": null
}
